
Microsoft Visual Studio Solution File, Format Version 12.00
# Visual Studio Version 17
VisualStudioVersion = 17.9.34728.123
MinimumVisualStudioVersion = 10.0.40219.1
Project("{9A19103F-16F7-4668-BE54-9A1E7A4F7556}") = "OnTutorDemand", "OnTutorDemand\OnTutorDemand.csproj", "{158254E3-290A-485D-9649-545F5ED902D2}"
EndProject
Project("{9A19103F-16F7-4668-BE54-9A1E7A4F7556}") = "BusinessObject", "BusinessObject\BusinessObject.csproj", "{77BD1686-BF16-44DC-B6C2-0C2ED107CD30}"
EndProject
Project("{9A19103F-16F7-4668-BE54-9A1E7A4F7556}") = "DataAccessLayer", "DataAccessLayer\DataAccessLayer.csproj", "{0D850D40-7CE2-4738-A18E-1E1D4FC81D60}"
EndProject
Project("{9A19103F-16F7-4668-BE54-9A1E7A4F7556}") = "Repository", "Repository\Repository.csproj", "{638B09A5-41E6-44F8-AD4D-D190DA4F6DA6}"
EndProject
Global
	GlobalSection(SolutionConfigurationPlatforms) = preSolution
		Debug|Any CPU = Debug|Any CPU
		Release|Any CPU = Release|Any CPU
	EndGlobalSection
	GlobalSection(ProjectConfigurationPlatforms) = postSolution
		{158254E3-290A-485D-9649-545F5ED902D2}.Debug|Any CPU.ActiveCfg = Debug|Any CPU
		{158254E3-290A-485D-9649-545F5ED902D2}.Debug|Any CPU.Build.0 = Debug|Any CPU
		{158254E3-290A-485D-9649-545F5ED902D2}.Release|Any CPU.ActiveCfg = Release|Any CPU
		{158254E3-290A-485D-9649-545F5ED902D2}.Release|Any CPU.Build.0 = Release|Any CPU
		{77BD1686-BF16-44DC-B6C2-0C2ED107CD30}.Debug|Any CPU.ActiveCfg = Debug|Any CPU
		{77BD1686-BF16-44DC-B6C2-0C2ED107CD30}.Debug|Any CPU.Build.0 = Debug|Any CPU
		{77BD1686-BF16-44DC-B6C2-0C2ED107CD30}.Release|Any CPU.ActiveCfg = Release|Any CPU
		{77BD1686-BF16-44DC-B6C2-0C2ED107CD30}.Release|Any CPU.Build.0 = Release|Any CPU
		{0D850D40-7CE2-4738-A18E-1E1D4FC81D60}.Debug|Any CPU.ActiveCfg = Debug|Any CPU
		{0D850D40-7CE2-4738-A18E-1E1D4FC81D60}.Debug|Any CPU.Build.0 = Debug|Any CPU
		{0D850D40-7CE2-4738-A18E-1E1D4FC81D60}.Release|Any CPU.ActiveCfg = Release|Any CPU
		{0D850D40-7CE2-4738-A18E-1E1D4FC81D60}.Release|Any CPU.Build.0 = Release|Any CPU
		{638B09A5-41E6-44F8-AD4D-D190DA4F6DA6}.Debug|Any CPU.ActiveCfg = Debug|Any CPU
		{638B09A5-41E6-44F8-AD4D-D190DA4F6DA6}.Debug|Any CPU.Build.0 = Debug|Any CPU
		{638B09A5-41E6-44F8-AD4D-D190DA4F6DA6}.Release|Any CPU.ActiveCfg = Release|Any CPU
		{638B09A5-41E6-44F8-AD4D-D190DA4F6DA6}.Release|Any CPU.Build.0 = Release|Any CPU
	EndGlobalSection
	GlobalSection(SolutionProperties) = preSolution
		HideSolutionNode = FALSE
	EndGlobalSection
	GlobalSection(ExtensibilityGlobals) = postSolution
		SolutionGuid = {6D774062-9BDF-4FAB-8581-DEF5D3BD243B}
	EndGlobalSection
EndGlobal
